
Microsoft Visual Studio Solution File, Format Version 12.00
# Visual Studio Version 16
VisualStudioVersion = 16.0.31829.152
MinimumVisualStudioVersion = 10.0.40219.1
Project("{FAE04EC0-301F-11D3-BF4B-00C04F79EFBC}") = "FIA_TestWebApp", "FIA_TestWebApp.csproj", "{382BB0B7-BE32-4834-9A0F-E122BA8CA01A}"
EndProject
Global
	GlobalSection(SolutionConfigurationPlatforms) = preSolution
		Debug|Any CPU = Debug|Any CPU
		Release|Any CPU = Release|Any CPU
	EndGlobalSection
	GlobalSection(ProjectConfigurationPlatforms) = postSolution
		{382BB0B7-BE32-4834-9A0F-E122BA8CA01A}.Debug|Any CPU.ActiveCfg = Debug|Any CPU
		{382BB0B7-BE32-4834-9A0F-E122BA8CA01A}.Debug|Any CPU.Build.0 = Debug|Any CPU
		{382BB0B7-BE32-4834-9A0F-E122BA8CA01A}.Release|Any CPU.ActiveCfg = Release|Any CPU
		{382BB0B7-BE32-4834-9A0F-E122BA8CA01A}.Release|Any CPU.Build.0 = Release|Any CPU
	EndGlobalSection
	GlobalSection(SolutionProperties) = preSolution
		HideSolutionNode = FALSE
	EndGlobalSection
	GlobalSection(ExtensibilityGlobals) = postSolution
		SolutionGuid = {6E3B2848-185E-4A89-9A15-CFF801EE3DB8}
	EndGlobalSection
EndGlobal
